
Microsoft Visual Studio Solution File, Format Version 12.00
# Visual Studio Version 17
VisualStudioVersion = 17.8.34511.84
MinimumVisualStudioVersion = 10.0.40219.1
Project("{9A19103F-16F7-4668-BE54-9A1E7A4F7556}") = "BE_26_05_Vuda", "BE_26_05_Vuda\BE_26_05_Vuda.csproj", "{19215CE1-01F9-4AAD-8A5E-01206FE18A17}"
	ProjectSection(ProjectDependencies) = postProject
		{78CE4648-4881-4B1A-B82D-FDC7FFB7A1FA} = {78CE4648-4881-4B1A-B82D-FDC7FFB7A1FA}
	EndProjectSection
EndProject
Project("{FAE04EC0-301F-11D3-BF4B-00C04F79EFBC}") = "Common", "Common\Common.csproj", "{78CE4648-4881-4B1A-B82D-FDC7FFB7A1FA}"
EndProject
Global
	GlobalSection(SolutionConfigurationPlatforms) = preSolution
		Debug|Any CPU = Debug|Any CPU
		Release|Any CPU = Release|Any CPU
	EndGlobalSection
	GlobalSection(ProjectConfigurationPlatforms) = postSolution
		{19215CE1-01F9-4AAD-8A5E-01206FE18A17}.Debug|Any CPU.ActiveCfg = Debug|Any CPU
		{19215CE1-01F9-4AAD-8A5E-01206FE18A17}.Debug|Any CPU.Build.0 = Debug|Any CPU
		{19215CE1-01F9-4AAD-8A5E-01206FE18A17}.Release|Any CPU.ActiveCfg = Release|Any CPU
		{19215CE1-01F9-4AAD-8A5E-01206FE18A17}.Release|Any CPU.Build.0 = Release|Any CPU
		{78CE4648-4881-4B1A-B82D-FDC7FFB7A1FA}.Debug|Any CPU.ActiveCfg = Debug|Any CPU
		{78CE4648-4881-4B1A-B82D-FDC7FFB7A1FA}.Debug|Any CPU.Build.0 = Debug|Any CPU
		{78CE4648-4881-4B1A-B82D-FDC7FFB7A1FA}.Release|Any CPU.ActiveCfg = Release|Any CPU
		{78CE4648-4881-4B1A-B82D-FDC7FFB7A1FA}.Release|Any CPU.Build.0 = Release|Any CPU
	EndGlobalSection
	GlobalSection(SolutionProperties) = preSolution
		HideSolutionNode = FALSE
	EndGlobalSection
	GlobalSection(ExtensibilityGlobals) = postSolution
		SolutionGuid = {8C1B24E8-6B73-4734-8FA5-1F9FA7F897B5}
	EndGlobalSection
EndGlobal
